
Microsoft Visual Studio Solution File, Format Version 12.00
# Visual Studio Version 17
VisualStudioVersion = 17.3.32804.467
MinimumVisualStudioVersion = 10.0.40219.1
Project("{FAE04EC0-301F-11D3-BF4B-00C04F79EFBC}") = "01. Count Real Numbers", "01. Count Real Numbers\01. Count Real Numbers.csproj", "{17FF76DD-719B-4F26-967B-362F8AE1D421}"
EndProject
Project("{FAE04EC0-301F-11D3-BF4B-00C04F79EFBC}") = "02. Odd Occurrences", "02. Odd Occurrences\02. Odd Occurrences.csproj", "{15E3235C-3F2F-41AD-AB59-031230E39A9D}"
EndProject
Project("{FAE04EC0-301F-11D3-BF4B-00C04F79EFBC}") = "03. Word Synonyms", "03. Word Synonyms\03. Word Synonyms.csproj", "{DEE1030C-C04D-4D67-81A6-65F2A0C73F01}"
EndProject
Project("{FAE04EC0-301F-11D3-BF4B-00C04F79EFBC}") = "04. Word Filter", "04. Word Filter\04. Word Filter.csproj", "{458E67CD-FD59-4D45-85A7-B2B2DF1A15A7}"
EndProject
Global
	GlobalSection(SolutionConfigurationPlatforms) = preSolution
		Debug|Any CPU = Debug|Any CPU
		Release|Any CPU = Release|Any CPU
	EndGlobalSection
	GlobalSection(ProjectConfigurationPlatforms) = postSolution
		{17FF76DD-719B-4F26-967B-362F8AE1D421}.Debug|Any CPU.ActiveCfg = Debug|Any CPU
		{17FF76DD-719B-4F26-967B-362F8AE1D421}.Debug|Any CPU.Build.0 = Debug|Any CPU
		{17FF76DD-719B-4F26-967B-362F8AE1D421}.Release|Any CPU.ActiveCfg = Release|Any CPU
		{17FF76DD-719B-4F26-967B-362F8AE1D421}.Release|Any CPU.Build.0 = Release|Any CPU
		{15E3235C-3F2F-41AD-AB59-031230E39A9D}.Debug|Any CPU.ActiveCfg = Debug|Any CPU
		{15E3235C-3F2F-41AD-AB59-031230E39A9D}.Debug|Any CPU.Build.0 = Debug|Any CPU
		{15E3235C-3F2F-41AD-AB59-031230E39A9D}.Release|Any CPU.ActiveCfg = Release|Any CPU
		{15E3235C-3F2F-41AD-AB59-031230E39A9D}.Release|Any CPU.Build.0 = Release|Any CPU
		{DEE1030C-C04D-4D67-81A6-65F2A0C73F01}.Debug|Any CPU.ActiveCfg = Debug|Any CPU
		{DEE1030C-C04D-4D67-81A6-65F2A0C73F01}.Debug|Any CPU.Build.0 = Debug|Any CPU
		{DEE1030C-C04D-4D67-81A6-65F2A0C73F01}.Release|Any CPU.ActiveCfg = Release|Any CPU
		{DEE1030C-C04D-4D67-81A6-65F2A0C73F01}.Release|Any CPU.Build.0 = Release|Any CPU
		{458E67CD-FD59-4D45-85A7-B2B2DF1A15A7}.Debug|Any CPU.ActiveCfg = Debug|Any CPU
		{458E67CD-FD59-4D45-85A7-B2B2DF1A15A7}.Debug|Any CPU.Build.0 = Debug|Any CPU
		{458E67CD-FD59-4D45-85A7-B2B2DF1A15A7}.Release|Any CPU.ActiveCfg = Release|Any CPU
		{458E67CD-FD59-4D45-85A7-B2B2DF1A15A7}.Release|Any CPU.Build.0 = Release|Any CPU
	EndGlobalSection
	GlobalSection(SolutionProperties) = preSolution
		HideSolutionNode = FALSE
	EndGlobalSection
	GlobalSection(ExtensibilityGlobals) = postSolution
		SolutionGuid = {7B7D72AE-9EB8-4BAF-BEB4-8EE9D916214F}
	EndGlobalSection
EndGlobal
