
Microsoft Visual Studio Solution File, Format Version 12.00
# Visual Studio Version 17
VisualStudioVersion = 17.4.33122.133
MinimumVisualStudioVersion = 10.0.40219.1
Project("{FAE04EC0-301F-11D3-BF4B-00C04F79EFBC}") = "Implement the CustomList Class", "Implement the CustomList Class\Implement the CustomList Class.csproj", "{53A50A97-C2C3-41A7-B6D1-202940171502}"
EndProject
Global
	GlobalSection(SolutionConfigurationPlatforms) = preSolution
		Debug|Any CPU = Debug|Any CPU
		Release|Any CPU = Release|Any CPU
	EndGlobalSection
	GlobalSection(ProjectConfigurationPlatforms) = postSolution
		{53A50A97-C2C3-41A7-B6D1-202940171502}.Debug|Any CPU.ActiveCfg = Debug|Any CPU
		{53A50A97-C2C3-41A7-B6D1-202940171502}.Debug|Any CPU.Build.0 = Debug|Any CPU
		{53A50A97-C2C3-41A7-B6D1-202940171502}.Release|Any CPU.ActiveCfg = Release|Any CPU
		{53A50A97-C2C3-41A7-B6D1-202940171502}.Release|Any CPU.Build.0 = Release|Any CPU
	EndGlobalSection
	GlobalSection(SolutionProperties) = preSolution
		HideSolutionNode = FALSE
	EndGlobalSection
	GlobalSection(ExtensibilityGlobals) = postSolution
		SolutionGuid = {6231D04D-A772-4E01-8A53-892A8F8953B4}
	EndGlobalSection
EndGlobal
