
Microsoft Visual Studio Solution File, Format Version 12.00
# Visual Studio Version 17
VisualStudioVersion = 17.4.33122.133
MinimumVisualStudioVersion = 10.0.40219.1
Project("{FAE04EC0-301F-11D3-BF4B-00C04F79EFBC}") = "03. Renovators", "03. Renovators\03. Renovators.csproj", "{2883D16A-EE75-4960-9971-A0C7B451942D}"
EndProject
Project("{FAE04EC0-301F-11D3-BF4B-00C04F79EFBC}") = "01. Tiles Master", "01. Tiles Master\01. Tiles Master.csproj", "{1B51D65B-C473-4C97-A2E8-1BB36E8A74D4}"
EndProject
Project("{FAE04EC0-301F-11D3-BF4B-00C04F79EFBC}") = "02. Wall Destroyer", "02. Wall Destroyer\02. Wall Destroyer.csproj", "{1784DF1D-B58D-4FDD-AF67-914B3E3C4664}"
EndProject
Global
	GlobalSection(SolutionConfigurationPlatforms) = preSolution
		Debug|Any CPU = Debug|Any CPU
		Release|Any CPU = Release|Any CPU
	EndGlobalSection
	GlobalSection(ProjectConfigurationPlatforms) = postSolution
		{2883D16A-EE75-4960-9971-A0C7B451942D}.Debug|Any CPU.ActiveCfg = Debug|Any CPU
		{2883D16A-EE75-4960-9971-A0C7B451942D}.Debug|Any CPU.Build.0 = Debug|Any CPU
		{2883D16A-EE75-4960-9971-A0C7B451942D}.Release|Any CPU.ActiveCfg = Release|Any CPU
		{2883D16A-EE75-4960-9971-A0C7B451942D}.Release|Any CPU.Build.0 = Release|Any CPU
		{1B51D65B-C473-4C97-A2E8-1BB36E8A74D4}.Debug|Any CPU.ActiveCfg = Debug|Any CPU
		{1B51D65B-C473-4C97-A2E8-1BB36E8A74D4}.Debug|Any CPU.Build.0 = Debug|Any CPU
		{1B51D65B-C473-4C97-A2E8-1BB36E8A74D4}.Release|Any CPU.ActiveCfg = Release|Any CPU
		{1B51D65B-C473-4C97-A2E8-1BB36E8A74D4}.Release|Any CPU.Build.0 = Release|Any CPU
		{1784DF1D-B58D-4FDD-AF67-914B3E3C4664}.Debug|Any CPU.ActiveCfg = Debug|Any CPU
		{1784DF1D-B58D-4FDD-AF67-914B3E3C4664}.Debug|Any CPU.Build.0 = Debug|Any CPU
		{1784DF1D-B58D-4FDD-AF67-914B3E3C4664}.Release|Any CPU.ActiveCfg = Release|Any CPU
		{1784DF1D-B58D-4FDD-AF67-914B3E3C4664}.Release|Any CPU.Build.0 = Release|Any CPU
	EndGlobalSection
	GlobalSection(SolutionProperties) = preSolution
		HideSolutionNode = FALSE
	EndGlobalSection
	GlobalSection(ExtensibilityGlobals) = postSolution
		SolutionGuid = {3BE9013C-B1C4-4202-A753-9E680946224A}
	EndGlobalSection
EndGlobal
