
Microsoft Visual Studio Solution File, Format Version 12.00
# Visual Studio Version 17
VisualStudioVersion = 17.3.32804.467
MinimumVisualStudioVersion = 10.0.40219.1
Project("{FAE04EC0-301F-11D3-BF4B-00C04F79EFBC}") = "01. Numbers Ending in 7", "01. Numbers Ending in 7\01. Numbers Ending in 7.csproj", "{1B52C1B6-9CA8-4918-8537-08D1F80E3DD2}"
EndProject
Project("{FAE04EC0-301F-11D3-BF4B-00C04F79EFBC}") = "02. Half Sum Element", "02. Half Sum Element\02. Half Sum Element.csproj", "{AD16D30C-B37C-401A-940E-E42EF11B77E5}"
EndProject
Project("{FAE04EC0-301F-11D3-BF4B-00C04F79EFBC}") = "03. Histogram", "03. Histogram\03. Histogram.csproj", "{1D13E6EE-B82F-4B49-8EF9-F850F8A865B6}"
EndProject
Project("{FAE04EC0-301F-11D3-BF4B-00C04F79EFBC}") = "04. Clever Lily", "04. Clever Lily\04. Clever Lily.csproj", "{F5802A1D-52E2-4184-9831-3F6F7706CCA9}"
EndProject
Project("{FAE04EC0-301F-11D3-BF4B-00C04F79EFBC}") = "05. Salary", "05. Salary\05. Salary.csproj", "{57BD9471-97A2-441B-A108-8A68FB00E63F}"
EndProject
Project("{FAE04EC0-301F-11D3-BF4B-00C04F79EFBC}") = "06. Oscars", "06. Oscars\06. Oscars.csproj", "{48E07744-AACF-4752-9C5A-829B4DB59E03}"
EndProject
Project("{FAE04EC0-301F-11D3-BF4B-00C04F79EFBC}") = "07. Trekking Mania", "07. Trekking Mania\07. Trekking Mania.csproj", "{7BB5DCEF-8AC0-40E5-9DF8-3DE999E6D1ED}"
EndProject
Project("{FAE04EC0-301F-11D3-BF4B-00C04F79EFBC}") = "08. Tennis Ranklist", "08. Tennis Ranklist\08. Tennis Ranklist.csproj", "{43B475DC-64C6-439F-856E-A45E4940B1E6}"
EndProject
Global
	GlobalSection(SolutionConfigurationPlatforms) = preSolution
		Debug|Any CPU = Debug|Any CPU
		Release|Any CPU = Release|Any CPU
	EndGlobalSection
	GlobalSection(ProjectConfigurationPlatforms) = postSolution
		{1B52C1B6-9CA8-4918-8537-08D1F80E3DD2}.Debug|Any CPU.ActiveCfg = Debug|Any CPU
		{1B52C1B6-9CA8-4918-8537-08D1F80E3DD2}.Debug|Any CPU.Build.0 = Debug|Any CPU
		{1B52C1B6-9CA8-4918-8537-08D1F80E3DD2}.Release|Any CPU.ActiveCfg = Release|Any CPU
		{1B52C1B6-9CA8-4918-8537-08D1F80E3DD2}.Release|Any CPU.Build.0 = Release|Any CPU
		{AD16D30C-B37C-401A-940E-E42EF11B77E5}.Debug|Any CPU.ActiveCfg = Debug|Any CPU
		{AD16D30C-B37C-401A-940E-E42EF11B77E5}.Debug|Any CPU.Build.0 = Debug|Any CPU
		{AD16D30C-B37C-401A-940E-E42EF11B77E5}.Release|Any CPU.ActiveCfg = Release|Any CPU
		{AD16D30C-B37C-401A-940E-E42EF11B77E5}.Release|Any CPU.Build.0 = Release|Any CPU
		{1D13E6EE-B82F-4B49-8EF9-F850F8A865B6}.Debug|Any CPU.ActiveCfg = Debug|Any CPU
		{1D13E6EE-B82F-4B49-8EF9-F850F8A865B6}.Debug|Any CPU.Build.0 = Debug|Any CPU
		{1D13E6EE-B82F-4B49-8EF9-F850F8A865B6}.Release|Any CPU.ActiveCfg = Release|Any CPU
		{1D13E6EE-B82F-4B49-8EF9-F850F8A865B6}.Release|Any CPU.Build.0 = Release|Any CPU
		{F5802A1D-52E2-4184-9831-3F6F7706CCA9}.Debug|Any CPU.ActiveCfg = Debug|Any CPU
		{F5802A1D-52E2-4184-9831-3F6F7706CCA9}.Debug|Any CPU.Build.0 = Debug|Any CPU
		{F5802A1D-52E2-4184-9831-3F6F7706CCA9}.Release|Any CPU.ActiveCfg = Release|Any CPU
		{F5802A1D-52E2-4184-9831-3F6F7706CCA9}.Release|Any CPU.Build.0 = Release|Any CPU
		{57BD9471-97A2-441B-A108-8A68FB00E63F}.Debug|Any CPU.ActiveCfg = Debug|Any CPU
		{57BD9471-97A2-441B-A108-8A68FB00E63F}.Debug|Any CPU.Build.0 = Debug|Any CPU
		{57BD9471-97A2-441B-A108-8A68FB00E63F}.Release|Any CPU.ActiveCfg = Release|Any CPU
		{57BD9471-97A2-441B-A108-8A68FB00E63F}.Release|Any CPU.Build.0 = Release|Any CPU
		{48E07744-AACF-4752-9C5A-829B4DB59E03}.Debug|Any CPU.ActiveCfg = Debug|Any CPU
		{48E07744-AACF-4752-9C5A-829B4DB59E03}.Debug|Any CPU.Build.0 = Debug|Any CPU
		{48E07744-AACF-4752-9C5A-829B4DB59E03}.Release|Any CPU.ActiveCfg = Release|Any CPU
		{48E07744-AACF-4752-9C5A-829B4DB59E03}.Release|Any CPU.Build.0 = Release|Any CPU
		{7BB5DCEF-8AC0-40E5-9DF8-3DE999E6D1ED}.Debug|Any CPU.ActiveCfg = Debug|Any CPU
		{7BB5DCEF-8AC0-40E5-9DF8-3DE999E6D1ED}.Debug|Any CPU.Build.0 = Debug|Any CPU
		{7BB5DCEF-8AC0-40E5-9DF8-3DE999E6D1ED}.Release|Any CPU.ActiveCfg = Release|Any CPU
		{7BB5DCEF-8AC0-40E5-9DF8-3DE999E6D1ED}.Release|Any CPU.Build.0 = Release|Any CPU
		{43B475DC-64C6-439F-856E-A45E4940B1E6}.Debug|Any CPU.ActiveCfg = Debug|Any CPU
		{43B475DC-64C6-439F-856E-A45E4940B1E6}.Debug|Any CPU.Build.0 = Debug|Any CPU
		{43B475DC-64C6-439F-856E-A45E4940B1E6}.Release|Any CPU.ActiveCfg = Release|Any CPU
		{43B475DC-64C6-439F-856E-A45E4940B1E6}.Release|Any CPU.Build.0 = Release|Any CPU
	EndGlobalSection
	GlobalSection(SolutionProperties) = preSolution
		HideSolutionNode = FALSE
	EndGlobalSection
	GlobalSection(ExtensibilityGlobals) = postSolution
		SolutionGuid = {8D1E8958-E3D0-4EF2-AFF2-04722FD771F8}
	EndGlobalSection
EndGlobal
