
Microsoft Visual Studio Solution File, Format Version 12.00
# Visual Studio Version 17
VisualStudioVersion = 17.3.32804.467
MinimumVisualStudioVersion = 10.0.40219.1
Project("{9A19103F-16F7-4668-BE54-9A1E7A4F7556}") = "01. Encrypt, Sort and Print Array", "01. Encrypt, Sort and Print Array\01. Encrypt, Sort and Print Array.csproj", "{DBF5ABA4-C18A-4D8C-B0BE-35D4A66B661F}"
EndProject
Project("{FAE04EC0-301F-11D3-BF4B-00C04F79EFBC}") = "02. Pascal Triangle", "02. Pascal Triangle\02. Pascal Triangle.csproj", "{1FD94B5D-1FDC-4DA8-BFD3-F69FA7B97CAA}"
EndProject
Project("{FAE04EC0-301F-11D3-BF4B-00C04F79EFBC}") = "03. Recursive Fibonacci", "03. Recursive Fibonacci\03. Recursive Fibonacci.csproj", "{3CFD1FD6-A91F-4666-96AF-BB0187274260}"
EndProject
Project("{FAE04EC0-301F-11D3-BF4B-00C04F79EFBC}") = "04. Fold and Sum", "04. Fold and Sum\04. Fold and Sum.csproj", "{1D899196-FFA4-4934-B39F-D8A2AC3FF542}"
EndProject
Project("{FAE04EC0-301F-11D3-BF4B-00C04F79EFBC}") = "05. Longest Increasing Subsequence", "05. Longest Increasing Subsequence\05. Longest Increasing Subsequence.csproj", "{7B7A6014-E47B-4712-B524-A7A699B7F2E1}"
EndProject
Global
	GlobalSection(SolutionConfigurationPlatforms) = preSolution
		Debug|Any CPU = Debug|Any CPU
		Release|Any CPU = Release|Any CPU
	EndGlobalSection
	GlobalSection(ProjectConfigurationPlatforms) = postSolution
		{DBF5ABA4-C18A-4D8C-B0BE-35D4A66B661F}.Debug|Any CPU.ActiveCfg = Debug|Any CPU
		{DBF5ABA4-C18A-4D8C-B0BE-35D4A66B661F}.Debug|Any CPU.Build.0 = Debug|Any CPU
		{DBF5ABA4-C18A-4D8C-B0BE-35D4A66B661F}.Release|Any CPU.ActiveCfg = Release|Any CPU
		{DBF5ABA4-C18A-4D8C-B0BE-35D4A66B661F}.Release|Any CPU.Build.0 = Release|Any CPU
		{1FD94B5D-1FDC-4DA8-BFD3-F69FA7B97CAA}.Debug|Any CPU.ActiveCfg = Debug|Any CPU
		{1FD94B5D-1FDC-4DA8-BFD3-F69FA7B97CAA}.Debug|Any CPU.Build.0 = Debug|Any CPU
		{1FD94B5D-1FDC-4DA8-BFD3-F69FA7B97CAA}.Release|Any CPU.ActiveCfg = Release|Any CPU
		{1FD94B5D-1FDC-4DA8-BFD3-F69FA7B97CAA}.Release|Any CPU.Build.0 = Release|Any CPU
		{3CFD1FD6-A91F-4666-96AF-BB0187274260}.Debug|Any CPU.ActiveCfg = Debug|Any CPU
		{3CFD1FD6-A91F-4666-96AF-BB0187274260}.Debug|Any CPU.Build.0 = Debug|Any CPU
		{3CFD1FD6-A91F-4666-96AF-BB0187274260}.Release|Any CPU.ActiveCfg = Release|Any CPU
		{3CFD1FD6-A91F-4666-96AF-BB0187274260}.Release|Any CPU.Build.0 = Release|Any CPU
		{1D899196-FFA4-4934-B39F-D8A2AC3FF542}.Debug|Any CPU.ActiveCfg = Debug|Any CPU
		{1D899196-FFA4-4934-B39F-D8A2AC3FF542}.Debug|Any CPU.Build.0 = Debug|Any CPU
		{1D899196-FFA4-4934-B39F-D8A2AC3FF542}.Release|Any CPU.ActiveCfg = Release|Any CPU
		{1D899196-FFA4-4934-B39F-D8A2AC3FF542}.Release|Any CPU.Build.0 = Release|Any CPU
		{7B7A6014-E47B-4712-B524-A7A699B7F2E1}.Debug|Any CPU.ActiveCfg = Debug|Any CPU
		{7B7A6014-E47B-4712-B524-A7A699B7F2E1}.Debug|Any CPU.Build.0 = Debug|Any CPU
		{7B7A6014-E47B-4712-B524-A7A699B7F2E1}.Release|Any CPU.ActiveCfg = Release|Any CPU
		{7B7A6014-E47B-4712-B524-A7A699B7F2E1}.Release|Any CPU.Build.0 = Release|Any CPU
	EndGlobalSection
	GlobalSection(SolutionProperties) = preSolution
		HideSolutionNode = FALSE
	EndGlobalSection
	GlobalSection(ExtensibilityGlobals) = postSolution
		SolutionGuid = {52CB04E1-96EF-4C6F-8C77-D505E24B30BE}
	EndGlobalSection
EndGlobal
