
Microsoft Visual Studio Solution File, Format Version 12.00
# Visual Studio Version 17
VisualStudioVersion = 17.5.33530.505
MinimumVisualStudioVersion = 10.0.40219.1
Project("{FAE04EC0-301F-11D3-BF4B-00C04F79EFBC}") = "MyFirstWebApp", "MyFirstWebApp\MyFirstWebApp.csproj", "{628D5E8B-347A-4D59-A011-59596CEBCE4A}"
EndProject
Global
	GlobalSection(SolutionConfigurationPlatforms) = preSolution
		Debug|Any CPU = Debug|Any CPU
		Release|Any CPU = Release|Any CPU
	EndGlobalSection
	GlobalSection(ProjectConfigurationPlatforms) = postSolution
		{628D5E8B-347A-4D59-A011-59596CEBCE4A}.Debug|Any CPU.ActiveCfg = Debug|Any CPU
		{628D5E8B-347A-4D59-A011-59596CEBCE4A}.Debug|Any CPU.Build.0 = Debug|Any CPU
		{628D5E8B-347A-4D59-A011-59596CEBCE4A}.Release|Any CPU.ActiveCfg = Release|Any CPU
		{628D5E8B-347A-4D59-A011-59596CEBCE4A}.Release|Any CPU.Build.0 = Release|Any CPU
	EndGlobalSection
	GlobalSection(SolutionProperties) = preSolution
		HideSolutionNode = FALSE
	EndGlobalSection
	GlobalSection(ExtensibilityGlobals) = postSolution
		SolutionGuid = {8AFE8D10-2310-436B-9BA6-662F8B43CC99}
	EndGlobalSection
EndGlobal
