
Microsoft Visual Studio Solution File, Format Version 12.00
# Visual Studio Version 17
VisualStudioVersion = 17.5.33530.505
MinimumVisualStudioVersion = 10.0.40219.1
Project("{FAE04EC0-301F-11D3-BF4B-00C04F79EFBC}") = "Entity Relations", "Entity Relations\Entity Relations.csproj", "{7846ED9F-9E8A-46C7-ADE8-A415668A027F}"
EndProject
Global
	GlobalSection(SolutionConfigurationPlatforms) = preSolution
		Debug|Any CPU = Debug|Any CPU
		Release|Any CPU = Release|Any CPU
	EndGlobalSection
	GlobalSection(ProjectConfigurationPlatforms) = postSolution
		{7846ED9F-9E8A-46C7-ADE8-A415668A027F}.Debug|Any CPU.ActiveCfg = Debug|Any CPU
		{7846ED9F-9E8A-46C7-ADE8-A415668A027F}.Debug|Any CPU.Build.0 = Debug|Any CPU
		{7846ED9F-9E8A-46C7-ADE8-A415668A027F}.Release|Any CPU.ActiveCfg = Release|Any CPU
		{7846ED9F-9E8A-46C7-ADE8-A415668A027F}.Release|Any CPU.Build.0 = Release|Any CPU
	EndGlobalSection
	GlobalSection(SolutionProperties) = preSolution
		HideSolutionNode = FALSE
	EndGlobalSection
	GlobalSection(ExtensibilityGlobals) = postSolution
		SolutionGuid = {46630D35-88F8-41A5-8B25-FC44237C6A81}
	EndGlobalSection
EndGlobal
