
Microsoft Visual Studio Solution File, Format Version 12.00
# Visual Studio Version 17
VisualStudioVersion = 17.4.33122.133
MinimumVisualStudioVersion = 10.0.40219.1
Project("{FAE04EC0-301F-11D3-BF4B-00C04F79EFBC}") = "Box", "01. Box\Box.csproj", "{2EF62929-8184-41FD-B7DC-41B84E18E818}"
EndProject
Project("{FAE04EC0-301F-11D3-BF4B-00C04F79EFBC}") = "GenericArrayCreator", "GenericArrayCreator\GenericArrayCreator.csproj", "{16BFCBE8-B6BA-4297-A519-F8490A41F027}"
EndProject
Project("{FAE04EC0-301F-11D3-BF4B-00C04F79EFBC}") = "GenericScale", "03.GenericScale\GenericScale.csproj", "{59440D21-441A-43AA-9B6C-1124070F11C1}"
EndProject
Global
	GlobalSection(SolutionConfigurationPlatforms) = preSolution
		Debug|Any CPU = Debug|Any CPU
		Release|Any CPU = Release|Any CPU
	EndGlobalSection
	GlobalSection(ProjectConfigurationPlatforms) = postSolution
		{2EF62929-8184-41FD-B7DC-41B84E18E818}.Debug|Any CPU.ActiveCfg = Debug|Any CPU
		{2EF62929-8184-41FD-B7DC-41B84E18E818}.Debug|Any CPU.Build.0 = Debug|Any CPU
		{2EF62929-8184-41FD-B7DC-41B84E18E818}.Release|Any CPU.ActiveCfg = Release|Any CPU
		{2EF62929-8184-41FD-B7DC-41B84E18E818}.Release|Any CPU.Build.0 = Release|Any CPU
		{16BFCBE8-B6BA-4297-A519-F8490A41F027}.Debug|Any CPU.ActiveCfg = Debug|Any CPU
		{16BFCBE8-B6BA-4297-A519-F8490A41F027}.Debug|Any CPU.Build.0 = Debug|Any CPU
		{16BFCBE8-B6BA-4297-A519-F8490A41F027}.Release|Any CPU.ActiveCfg = Release|Any CPU
		{16BFCBE8-B6BA-4297-A519-F8490A41F027}.Release|Any CPU.Build.0 = Release|Any CPU
		{59440D21-441A-43AA-9B6C-1124070F11C1}.Debug|Any CPU.ActiveCfg = Debug|Any CPU
		{59440D21-441A-43AA-9B6C-1124070F11C1}.Debug|Any CPU.Build.0 = Debug|Any CPU
		{59440D21-441A-43AA-9B6C-1124070F11C1}.Release|Any CPU.ActiveCfg = Release|Any CPU
		{59440D21-441A-43AA-9B6C-1124070F11C1}.Release|Any CPU.Build.0 = Release|Any CPU
	EndGlobalSection
	GlobalSection(SolutionProperties) = preSolution
		HideSolutionNode = FALSE
	EndGlobalSection
	GlobalSection(ExtensibilityGlobals) = postSolution
		SolutionGuid = {6DB51DC0-ECCD-4899-BB9F-F0B455DBD618}
	EndGlobalSection
EndGlobal
