
Microsoft Visual Studio Solution File, Format Version 12.00
# Visual Studio Version 17
VisualStudioVersion = 17.4.33122.133
MinimumVisualStudioVersion = 10.0.40219.1
Project("{9A19103F-16F7-4668-BE54-9A1E7A4F7556}") = "1. Diagonal Difference", "1. Diagonal Difference\1. Diagonal Difference.csproj", "{333C7852-B276-4ADA-85F8-8B7C3533F111}"
EndProject
Project("{9A19103F-16F7-4668-BE54-9A1E7A4F7556}") = "2. Squares in Matrix", "2. Squares in Matrix\2. Squares in Matrix.csproj", "{FD183363-82F5-4558-8DDA-47E70B94C552}"
EndProject
Project("{9A19103F-16F7-4668-BE54-9A1E7A4F7556}") = "3. Maximal Sum", "3. Maximal Sum\3. Maximal Sum.csproj", "{32AC9522-5245-4338-8150-01484CC50358}"
EndProject
Project("{9A19103F-16F7-4668-BE54-9A1E7A4F7556}") = "4. Matrix Shuffling", "4. Matrix Shuffling\4. Matrix Shuffling.csproj", "{8F898B80-5547-44B4-9FCB-3AD6F033F06A}"
EndProject
Project("{9A19103F-16F7-4668-BE54-9A1E7A4F7556}") = "5. Snake Moves", "5. Snake Moves\5. Snake Moves.csproj", "{D21BF85F-2CA5-41AD-A0D1-B2F5DB72B88F}"
EndProject
Project("{9A19103F-16F7-4668-BE54-9A1E7A4F7556}") = "6. Jagged Array Manipulator", "6. Jagged Array Manipulator\6. Jagged Array Manipulator.csproj", "{87F8D1F6-6CF8-404B-B103-B9F78440B21C}"
EndProject
Project("{9A19103F-16F7-4668-BE54-9A1E7A4F7556}") = "7. Knight Game", "7. Knight Game\7. Knight Game.csproj", "{682887DA-C5CF-4344-8744-AAE92F4D33E2}"
EndProject
Project("{9A19103F-16F7-4668-BE54-9A1E7A4F7556}") = "8. Bombs", "8. Bombs\8. Bombs.csproj", "{EB9461AF-D61C-4919-8F0F-1E898B6E4CBD}"
EndProject
Project("{FAE04EC0-301F-11D3-BF4B-00C04F79EFBC}") = "9. Miner", "9. Miner\9. Miner.csproj", "{F11EE211-64E7-4E7C-80FB-9CD75684B796}"
EndProject
Project("{FAE04EC0-301F-11D3-BF4B-00C04F79EFBC}") = "10. Radioactive Mutant Vampire Bunnies", "10. Radioactive Mutant Vampire Bunnies\10. Radioactive Mutant Vampire Bunnies.csproj", "{E4ACC6D3-EB46-4C5B-B172-7A6F50966CDA}"
EndProject
Global
	GlobalSection(SolutionConfigurationPlatforms) = preSolution
		Debug|Any CPU = Debug|Any CPU
		Release|Any CPU = Release|Any CPU
	EndGlobalSection
	GlobalSection(ProjectConfigurationPlatforms) = postSolution
		{333C7852-B276-4ADA-85F8-8B7C3533F111}.Debug|Any CPU.ActiveCfg = Debug|Any CPU
		{333C7852-B276-4ADA-85F8-8B7C3533F111}.Debug|Any CPU.Build.0 = Debug|Any CPU
		{333C7852-B276-4ADA-85F8-8B7C3533F111}.Release|Any CPU.ActiveCfg = Release|Any CPU
		{333C7852-B276-4ADA-85F8-8B7C3533F111}.Release|Any CPU.Build.0 = Release|Any CPU
		{FD183363-82F5-4558-8DDA-47E70B94C552}.Debug|Any CPU.ActiveCfg = Debug|Any CPU
		{FD183363-82F5-4558-8DDA-47E70B94C552}.Debug|Any CPU.Build.0 = Debug|Any CPU
		{FD183363-82F5-4558-8DDA-47E70B94C552}.Release|Any CPU.ActiveCfg = Release|Any CPU
		{FD183363-82F5-4558-8DDA-47E70B94C552}.Release|Any CPU.Build.0 = Release|Any CPU
		{32AC9522-5245-4338-8150-01484CC50358}.Debug|Any CPU.ActiveCfg = Debug|Any CPU
		{32AC9522-5245-4338-8150-01484CC50358}.Debug|Any CPU.Build.0 = Debug|Any CPU
		{32AC9522-5245-4338-8150-01484CC50358}.Release|Any CPU.ActiveCfg = Release|Any CPU
		{32AC9522-5245-4338-8150-01484CC50358}.Release|Any CPU.Build.0 = Release|Any CPU
		{8F898B80-5547-44B4-9FCB-3AD6F033F06A}.Debug|Any CPU.ActiveCfg = Debug|Any CPU
		{8F898B80-5547-44B4-9FCB-3AD6F033F06A}.Debug|Any CPU.Build.0 = Debug|Any CPU
		{8F898B80-5547-44B4-9FCB-3AD6F033F06A}.Release|Any CPU.ActiveCfg = Release|Any CPU
		{8F898B80-5547-44B4-9FCB-3AD6F033F06A}.Release|Any CPU.Build.0 = Release|Any CPU
		{D21BF85F-2CA5-41AD-A0D1-B2F5DB72B88F}.Debug|Any CPU.ActiveCfg = Debug|Any CPU
		{D21BF85F-2CA5-41AD-A0D1-B2F5DB72B88F}.Debug|Any CPU.Build.0 = Debug|Any CPU
		{D21BF85F-2CA5-41AD-A0D1-B2F5DB72B88F}.Release|Any CPU.ActiveCfg = Release|Any CPU
		{D21BF85F-2CA5-41AD-A0D1-B2F5DB72B88F}.Release|Any CPU.Build.0 = Release|Any CPU
		{87F8D1F6-6CF8-404B-B103-B9F78440B21C}.Debug|Any CPU.ActiveCfg = Debug|Any CPU
		{87F8D1F6-6CF8-404B-B103-B9F78440B21C}.Debug|Any CPU.Build.0 = Debug|Any CPU
		{87F8D1F6-6CF8-404B-B103-B9F78440B21C}.Release|Any CPU.ActiveCfg = Release|Any CPU
		{87F8D1F6-6CF8-404B-B103-B9F78440B21C}.Release|Any CPU.Build.0 = Release|Any CPU
		{682887DA-C5CF-4344-8744-AAE92F4D33E2}.Debug|Any CPU.ActiveCfg = Debug|Any CPU
		{682887DA-C5CF-4344-8744-AAE92F4D33E2}.Debug|Any CPU.Build.0 = Debug|Any CPU
		{682887DA-C5CF-4344-8744-AAE92F4D33E2}.Release|Any CPU.ActiveCfg = Release|Any CPU
		{682887DA-C5CF-4344-8744-AAE92F4D33E2}.Release|Any CPU.Build.0 = Release|Any CPU
		{EB9461AF-D61C-4919-8F0F-1E898B6E4CBD}.Debug|Any CPU.ActiveCfg = Debug|Any CPU
		{EB9461AF-D61C-4919-8F0F-1E898B6E4CBD}.Debug|Any CPU.Build.0 = Debug|Any CPU
		{EB9461AF-D61C-4919-8F0F-1E898B6E4CBD}.Release|Any CPU.ActiveCfg = Release|Any CPU
		{EB9461AF-D61C-4919-8F0F-1E898B6E4CBD}.Release|Any CPU.Build.0 = Release|Any CPU
		{F11EE211-64E7-4E7C-80FB-9CD75684B796}.Debug|Any CPU.ActiveCfg = Debug|Any CPU
		{F11EE211-64E7-4E7C-80FB-9CD75684B796}.Debug|Any CPU.Build.0 = Debug|Any CPU
		{F11EE211-64E7-4E7C-80FB-9CD75684B796}.Release|Any CPU.ActiveCfg = Release|Any CPU
		{F11EE211-64E7-4E7C-80FB-9CD75684B796}.Release|Any CPU.Build.0 = Release|Any CPU
		{E4ACC6D3-EB46-4C5B-B172-7A6F50966CDA}.Debug|Any CPU.ActiveCfg = Debug|Any CPU
		{E4ACC6D3-EB46-4C5B-B172-7A6F50966CDA}.Debug|Any CPU.Build.0 = Debug|Any CPU
		{E4ACC6D3-EB46-4C5B-B172-7A6F50966CDA}.Release|Any CPU.ActiveCfg = Release|Any CPU
		{E4ACC6D3-EB46-4C5B-B172-7A6F50966CDA}.Release|Any CPU.Build.0 = Release|Any CPU
	EndGlobalSection
	GlobalSection(SolutionProperties) = preSolution
		HideSolutionNode = FALSE
	EndGlobalSection
	GlobalSection(ExtensibilityGlobals) = postSolution
		SolutionGuid = {3498C2D3-DFD7-4FCA-8E04-BDDB23E0A7DA}
	EndGlobalSection
EndGlobal
