
Microsoft Visual Studio Solution File, Format Version 12.00
# Visual Studio Version 17
VisualStudioVersion = 17.3.32804.467
MinimumVisualStudioVersion = 10.0.40219.1
Project("{FAE04EC0-301F-11D3-BF4B-00C04F79EFBC}") = "01. Data Types", "01. Data Types\01. Data Types.csproj", "{4D68F781-A2C4-4818-8483-B4E11388729D}"
EndProject
Project("{FAE04EC0-301F-11D3-BF4B-00C04F79EFBC}") = "02. Center Point", "02. Center Point\02. Center Point.csproj", "{1271A5D8-83BE-4D9C-85C3-5610C124B1B3}"
EndProject
Project("{FAE04EC0-301F-11D3-BF4B-00C04F79EFBC}") = "03. Longer Line", "03. Longer Line\03. Longer Line.csproj", "{639E7C2E-0913-4977-8CC8-E26224E6A56B}"
EndProject
Project("{FAE04EC0-301F-11D3-BF4B-00C04F79EFBC}") = "04. Tribonacci Sequence", "04. Tribonacci Sequence\04. Tribonacci Sequence.csproj", "{9B1CF651-8A84-4559-90C6-77B2A3F1AB42}"
EndProject
Project("{FAE04EC0-301F-11D3-BF4B-00C04F79EFBC}") = "05. Multiplication Sign", "05. Multiplication Sign\05. Multiplication Sign.csproj", "{15075ACE-4461-4BA3-A8DE-D594058976EF}"
EndProject
Global
	GlobalSection(SolutionConfigurationPlatforms) = preSolution
		Debug|Any CPU = Debug|Any CPU
		Release|Any CPU = Release|Any CPU
	EndGlobalSection
	GlobalSection(ProjectConfigurationPlatforms) = postSolution
		{4D68F781-A2C4-4818-8483-B4E11388729D}.Debug|Any CPU.ActiveCfg = Debug|Any CPU
		{4D68F781-A2C4-4818-8483-B4E11388729D}.Debug|Any CPU.Build.0 = Debug|Any CPU
		{4D68F781-A2C4-4818-8483-B4E11388729D}.Release|Any CPU.ActiveCfg = Release|Any CPU
		{4D68F781-A2C4-4818-8483-B4E11388729D}.Release|Any CPU.Build.0 = Release|Any CPU
		{1271A5D8-83BE-4D9C-85C3-5610C124B1B3}.Debug|Any CPU.ActiveCfg = Debug|Any CPU
		{1271A5D8-83BE-4D9C-85C3-5610C124B1B3}.Debug|Any CPU.Build.0 = Debug|Any CPU
		{1271A5D8-83BE-4D9C-85C3-5610C124B1B3}.Release|Any CPU.ActiveCfg = Release|Any CPU
		{1271A5D8-83BE-4D9C-85C3-5610C124B1B3}.Release|Any CPU.Build.0 = Release|Any CPU
		{639E7C2E-0913-4977-8CC8-E26224E6A56B}.Debug|Any CPU.ActiveCfg = Debug|Any CPU
		{639E7C2E-0913-4977-8CC8-E26224E6A56B}.Debug|Any CPU.Build.0 = Debug|Any CPU
		{639E7C2E-0913-4977-8CC8-E26224E6A56B}.Release|Any CPU.ActiveCfg = Release|Any CPU
		{639E7C2E-0913-4977-8CC8-E26224E6A56B}.Release|Any CPU.Build.0 = Release|Any CPU
		{9B1CF651-8A84-4559-90C6-77B2A3F1AB42}.Debug|Any CPU.ActiveCfg = Debug|Any CPU
		{9B1CF651-8A84-4559-90C6-77B2A3F1AB42}.Debug|Any CPU.Build.0 = Debug|Any CPU
		{9B1CF651-8A84-4559-90C6-77B2A3F1AB42}.Release|Any CPU.ActiveCfg = Release|Any CPU
		{9B1CF651-8A84-4559-90C6-77B2A3F1AB42}.Release|Any CPU.Build.0 = Release|Any CPU
		{15075ACE-4461-4BA3-A8DE-D594058976EF}.Debug|Any CPU.ActiveCfg = Debug|Any CPU
		{15075ACE-4461-4BA3-A8DE-D594058976EF}.Debug|Any CPU.Build.0 = Debug|Any CPU
		{15075ACE-4461-4BA3-A8DE-D594058976EF}.Release|Any CPU.ActiveCfg = Release|Any CPU
		{15075ACE-4461-4BA3-A8DE-D594058976EF}.Release|Any CPU.Build.0 = Release|Any CPU
	EndGlobalSection
	GlobalSection(SolutionProperties) = preSolution
		HideSolutionNode = FALSE
	EndGlobalSection
	GlobalSection(ExtensibilityGlobals) = postSolution
		SolutionGuid = {C9BF56A6-6213-4828-8A9C-024D0CA5AB60}
	EndGlobalSection
EndGlobal
