
Microsoft Visual Studio Solution File, Format Version 12.00
# Visual Studio Version 17
VisualStudioVersion = 17.4.33122.133
MinimumVisualStudioVersion = 10.0.40219.1
Project("{FAE04EC0-301F-11D3-BF4B-00C04F79EFBC}") = "Shapes", "Shapes\Shapes.csproj", "{CBECFA41-CB5D-44EE-9355-BA504EA3ABE7}"
EndProject
Project("{FAE04EC0-301F-11D3-BF4B-00C04F79EFBC}") = "Cars", "Cars\Cars.csproj", "{F99E7560-6109-4DEA-9D0A-74C1617F8E18}"
EndProject
Global
	GlobalSection(SolutionConfigurationPlatforms) = preSolution
		Debug|Any CPU = Debug|Any CPU
		Release|Any CPU = Release|Any CPU
	EndGlobalSection
	GlobalSection(ProjectConfigurationPlatforms) = postSolution
		{CBECFA41-CB5D-44EE-9355-BA504EA3ABE7}.Debug|Any CPU.ActiveCfg = Debug|Any CPU
		{CBECFA41-CB5D-44EE-9355-BA504EA3ABE7}.Debug|Any CPU.Build.0 = Debug|Any CPU
		{CBECFA41-CB5D-44EE-9355-BA504EA3ABE7}.Release|Any CPU.ActiveCfg = Release|Any CPU
		{CBECFA41-CB5D-44EE-9355-BA504EA3ABE7}.Release|Any CPU.Build.0 = Release|Any CPU
		{F99E7560-6109-4DEA-9D0A-74C1617F8E18}.Debug|Any CPU.ActiveCfg = Debug|Any CPU
		{F99E7560-6109-4DEA-9D0A-74C1617F8E18}.Debug|Any CPU.Build.0 = Debug|Any CPU
		{F99E7560-6109-4DEA-9D0A-74C1617F8E18}.Release|Any CPU.ActiveCfg = Release|Any CPU
		{F99E7560-6109-4DEA-9D0A-74C1617F8E18}.Release|Any CPU.Build.0 = Release|Any CPU
	EndGlobalSection
	GlobalSection(SolutionProperties) = preSolution
		HideSolutionNode = FALSE
	EndGlobalSection
	GlobalSection(ExtensibilityGlobals) = postSolution
		SolutionGuid = {80735959-E5B0-4CB8-B86E-3DB75CA1FFBB}
	EndGlobalSection
EndGlobal
