
Microsoft Visual Studio Solution File, Format Version 12.00
# Visual Studio Version 17
VisualStudioVersion = 17.3.32804.467
MinimumVisualStudioVersion = 10.0.40219.1
Project("{9A19103F-16F7-4668-BE54-9A1E7A4F7556}") = "01. Count Chars in a String", "01. Count Chars in a String\01. Count Chars in a String.csproj", "{737317E3-01DB-4D30-BB7B-6DB2AE55839F}"
EndProject
Project("{9A19103F-16F7-4668-BE54-9A1E7A4F7556}") = "02. A Miner Task", "02. A Miner Task\02. A Miner Task.csproj", "{F4AC0BBB-F14B-409B-A0CA-AC70A6D1AB82}"
EndProject
Project("{FAE04EC0-301F-11D3-BF4B-00C04F79EFBC}") = "03. Orders", "03. Orders\03. Orders.csproj", "{A740A008-BF31-4F8F-8FDE-41F0D0F2C5F3}"
EndProject
Global
	GlobalSection(SolutionConfigurationPlatforms) = preSolution
		Debug|Any CPU = Debug|Any CPU
		Release|Any CPU = Release|Any CPU
	EndGlobalSection
	GlobalSection(ProjectConfigurationPlatforms) = postSolution
		{737317E3-01DB-4D30-BB7B-6DB2AE55839F}.Debug|Any CPU.ActiveCfg = Debug|Any CPU
		{737317E3-01DB-4D30-BB7B-6DB2AE55839F}.Debug|Any CPU.Build.0 = Debug|Any CPU
		{737317E3-01DB-4D30-BB7B-6DB2AE55839F}.Release|Any CPU.ActiveCfg = Release|Any CPU
		{737317E3-01DB-4D30-BB7B-6DB2AE55839F}.Release|Any CPU.Build.0 = Release|Any CPU
		{F4AC0BBB-F14B-409B-A0CA-AC70A6D1AB82}.Debug|Any CPU.ActiveCfg = Debug|Any CPU
		{F4AC0BBB-F14B-409B-A0CA-AC70A6D1AB82}.Debug|Any CPU.Build.0 = Debug|Any CPU
		{F4AC0BBB-F14B-409B-A0CA-AC70A6D1AB82}.Release|Any CPU.ActiveCfg = Release|Any CPU
		{F4AC0BBB-F14B-409B-A0CA-AC70A6D1AB82}.Release|Any CPU.Build.0 = Release|Any CPU
		{A740A008-BF31-4F8F-8FDE-41F0D0F2C5F3}.Debug|Any CPU.ActiveCfg = Debug|Any CPU
		{A740A008-BF31-4F8F-8FDE-41F0D0F2C5F3}.Debug|Any CPU.Build.0 = Debug|Any CPU
		{A740A008-BF31-4F8F-8FDE-41F0D0F2C5F3}.Release|Any CPU.ActiveCfg = Release|Any CPU
		{A740A008-BF31-4F8F-8FDE-41F0D0F2C5F3}.Release|Any CPU.Build.0 = Release|Any CPU
	EndGlobalSection
	GlobalSection(SolutionProperties) = preSolution
		HideSolutionNode = FALSE
	EndGlobalSection
	GlobalSection(ExtensibilityGlobals) = postSolution
		SolutionGuid = {11544FE2-4FFF-4B29-A06C-185541F9E378}
	EndGlobalSection
EndGlobal
