
Microsoft Visual Studio Solution File, Format Version 12.00
# Visual Studio Version 17
VisualStudioVersion = 17.3.32804.467
MinimumVisualStudioVersion = 10.0.40219.1
Project("{FAE04EC0-301F-11D3-BF4B-00C04F79EFBC}") = "01. Day of Week", "01. Day of Week\01. Day of Week.csproj", "{0C4BB4E3-C18D-42A1-9698-E570E157BE56}"
EndProject
Project("{FAE04EC0-301F-11D3-BF4B-00C04F79EFBC}") = "02. Print Numbers in Reverse Order", "02. Print Numbers in Reverse Order\02. Print Numbers in Reverse Order.csproj", "{2D1C9ED9-206B-4337-BAA2-6A4243658D6F}"
EndProject
Global
	GlobalSection(SolutionConfigurationPlatforms) = preSolution
		Debug|Any CPU = Debug|Any CPU
		Release|Any CPU = Release|Any CPU
	EndGlobalSection
	GlobalSection(ProjectConfigurationPlatforms) = postSolution
		{0C4BB4E3-C18D-42A1-9698-E570E157BE56}.Debug|Any CPU.ActiveCfg = Debug|Any CPU
		{0C4BB4E3-C18D-42A1-9698-E570E157BE56}.Debug|Any CPU.Build.0 = Debug|Any CPU
		{0C4BB4E3-C18D-42A1-9698-E570E157BE56}.Release|Any CPU.ActiveCfg = Release|Any CPU
		{0C4BB4E3-C18D-42A1-9698-E570E157BE56}.Release|Any CPU.Build.0 = Release|Any CPU
		{2D1C9ED9-206B-4337-BAA2-6A4243658D6F}.Debug|Any CPU.ActiveCfg = Debug|Any CPU
		{2D1C9ED9-206B-4337-BAA2-6A4243658D6F}.Debug|Any CPU.Build.0 = Debug|Any CPU
		{2D1C9ED9-206B-4337-BAA2-6A4243658D6F}.Release|Any CPU.ActiveCfg = Release|Any CPU
		{2D1C9ED9-206B-4337-BAA2-6A4243658D6F}.Release|Any CPU.Build.0 = Release|Any CPU
	EndGlobalSection
	GlobalSection(SolutionProperties) = preSolution
		HideSolutionNode = FALSE
	EndGlobalSection
	GlobalSection(ExtensibilityGlobals) = postSolution
		SolutionGuid = {BCCE5299-73E5-49FF-941E-A1CC69048491}
	EndGlobalSection
EndGlobal
