
Microsoft Visual Studio Solution File, Format Version 12.00
# Visual Studio Version 16
VisualStudioVersion = 16.0.33328.57
MinimumVisualStudioVersion = 10.0.40219.1
Project("{8BC9CEB8-8B4A-11D0-8D11-00A0C91BC942}") = "02. Excellent or Not", "02. Excellent or Not\02. Excellent or Not.vcxproj", "{6724618B-AA31-48EC-B579-5780B52B0063}"
EndProject
Project("{8BC9CEB8-8B4A-11D0-8D11-00A0C91BC942}") = "03. Even or Odd", "03. Even or Odd\03. Even or Odd.vcxproj", "{AFD75C85-C846-45B7-A21B-94C34811EB19}"
EndProject
Project("{8BC9CEB8-8B4A-11D0-8D11-00A0C91BC942}") = "15. 3 Equal Numbers", "15. 3 Equal Numbers\15. 3 Equal Numbers.vcxproj", "{A2516687-DADE-4462-A2E3-537CDA07B065}"
EndProject
Project("{8BC9CEB8-8B4A-11D0-8D11-00A0C91BC942}") = "14. Time + 15 Minutes", "14. Time + 15 Minutes\14. Time + 15 Minutes.vcxproj", "{97A4A200-60D2-475C-9640-9A4B59F25CE9}"
EndProject
Project("{8BC9CEB8-8B4A-11D0-8D11-00A0C91BC942}") = "13. Area of Figures", "13. Area of Figures\13. Area of Figures.vcxproj", "{EAB2E7E3-F34B-4744-B79E-E6FFE22F1393}"
EndProject
Project("{8BC9CEB8-8B4A-11D0-8D11-00A0C91BC942}") = "01. Transport Price", "01. Transport Price\01. Transport Price.vcxproj", "{C28FF9D5-A4E2-45EA-B48C-AF992FE6BE8F}"
EndProject
Project("{8BC9CEB8-8B4A-11D0-8D11-00A0C91BC942}") = "04. Harvest", "04. Harvest\04. Harvest.vcxproj", "{7FDB5084-D409-46DA-B175-AD932E98D406}"
EndProject
Project("{8BC9CEB8-8B4A-11D0-8D11-00A0C91BC942}") = "03. Sleepy Tom Cat", "03. Sleepy Tom Cat\03. Sleepy Tom Cat.vcxproj", "{06F31CC8-E943-42ED-9E38-593A931D4C55}"
EndProject
Project("{8BC9CEB8-8B4A-11D0-8D11-00A0C91BC942}") = "02 pipes and Pool", "02 pipes and Pool\02 pipes and Pool.vcxproj", "{74B101FE-9F4B-420A-A100-CD829E0E488A}"
EndProject
Project("{8BC9CEB8-8B4A-11D0-8D11-00A0C91BC942}") = "13. Point in the Figure", "13. Point in the Figure\13. Point in the Figure.vcxproj", "{7691A008-63D4-491C-B81B-735827736301}"
EndProject
Project("{8BC9CEB8-8B4A-11D0-8D11-00A0C91BC942}") = "11. Cinema", "11. Cinema\11. Cinema.vcxproj", "{925F119F-0FFD-47EC-ABD3-D193FBD3D357}"
EndProject
Project("{8BC9CEB8-8B4A-11D0-8D11-00A0C91BC942}") = "08. Trade Comissions", "08. Trade Comissions\08. Trade Comissions.vcxproj", "{CD59330D-1411-45FA-B7D6-A208B40D34DC}"
EndProject
Project("{8BC9CEB8-8B4A-11D0-8D11-00A0C91BC942}") = "02. Trip", "02. Trip\02. Trip.vcxproj", "{FBC831BF-FA43-44E2-BEBD-58E2460FF53C}"
EndProject
Project("{8BC9CEB8-8B4A-11D0-8D11-00A0C91BC942}") = "05Hotel room", "05Hotel room\05Hotel room.vcxproj", "{5A4A07E6-5219-4A26-91B1-2651E6B96AEA}"
EndProject
Project("{8BC9CEB8-8B4A-11D0-8D11-00A0C91BC942}") = "12. Equal Pairs", "12. Equal Pairs\12. Equal Pairs.vcxproj", "{D78EFD5D-F444-4012-A896-BB03855D268F}"
EndProject
Project("{8BC9CEB8-8B4A-11D0-8D11-00A0C91BC942}") = "11. Odd Even Position", "11. Odd Even Position\11. Odd Even Position.vcxproj", "{830E56B8-BDB2-41E5-BFAB-90B509F72D1A}"
EndProject
Project("{8BC9CEB8-8B4A-11D0-8D11-00A0C91BC942}") = "10. Half Sum Element", "10. Half Sum Element\10. Half Sum Element.vcxproj", "{5CD06ACA-FD9C-47F1-BAAC-8016F8FB4421}"
EndProject
Project("{8BC9CEB8-8B4A-11D0-8D11-00A0C91BC942}") = "07. Left and Right Sum", "07. Left and Right Sum\07. Left and Right Sum.vcxproj", "{45530C5E-64BE-456D-95EB-1601DD398F00}"
EndProject
Project("{8BC9CEB8-8B4A-11D0-8D11-00A0C91BC942}") = "06. Logistics", "06. Logistics\06. Logistics.vcxproj", "{F96DAB4A-92D5-4882-BB03-0F568A89287E}"
EndProject
Project("{8BC9CEB8-8B4A-11D0-8D11-00A0C91BC942}") = "05. Division", "05. Division\05. Division.vcxproj", "{382B4C87-6245-4B9C-B58B-DB7125D07D5D}"
EndProject
Project("{8BC9CEB8-8B4A-11D0-8D11-00A0C91BC942}") = "04. Hospital", "04. Hospital\04. Hospital.vcxproj", "{563B963C-6FD6-4F83-A7EB-CA2FF28E39B4}"
EndProject
Project("{8BC9CEB8-8B4A-11D0-8D11-00A0C91BC942}") = "03. Back To The Past", "03. Back To The Past\03. Back To The Past.vcxproj", "{7A2BDB7B-087A-41C7-936F-3F359E917C0F}"
EndProject
Project("{8BC9CEB8-8B4A-11D0-8D11-00A0C91BC942}") = "05. Square Frame", "05. Square Frame\05. Square Frame.vcxproj", "{2B45DF76-769F-4E34-9371-F4D9EA20726D}"
EndProject
Global
	GlobalSection(SolutionConfigurationPlatforms) = preSolution
		Debug|x64 = Debug|x64
		Debug|x86 = Debug|x86
		Release|x64 = Release|x64
		Release|x86 = Release|x86
	EndGlobalSection
	GlobalSection(ProjectConfigurationPlatforms) = postSolution
		{6724618B-AA31-48EC-B579-5780B52B0063}.Debug|x64.ActiveCfg = Debug|x64
		{6724618B-AA31-48EC-B579-5780B52B0063}.Debug|x64.Build.0 = Debug|x64
		{6724618B-AA31-48EC-B579-5780B52B0063}.Debug|x86.ActiveCfg = Debug|Win32
		{6724618B-AA31-48EC-B579-5780B52B0063}.Debug|x86.Build.0 = Debug|Win32
		{6724618B-AA31-48EC-B579-5780B52B0063}.Release|x64.ActiveCfg = Release|x64
		{6724618B-AA31-48EC-B579-5780B52B0063}.Release|x64.Build.0 = Release|x64
		{6724618B-AA31-48EC-B579-5780B52B0063}.Release|x86.ActiveCfg = Release|Win32
		{6724618B-AA31-48EC-B579-5780B52B0063}.Release|x86.Build.0 = Release|Win32
		{AFD75C85-C846-45B7-A21B-94C34811EB19}.Debug|x64.ActiveCfg = Debug|x64
		{AFD75C85-C846-45B7-A21B-94C34811EB19}.Debug|x64.Build.0 = Debug|x64
		{AFD75C85-C846-45B7-A21B-94C34811EB19}.Debug|x86.ActiveCfg = Debug|Win32
		{AFD75C85-C846-45B7-A21B-94C34811EB19}.Debug|x86.Build.0 = Debug|Win32
		{AFD75C85-C846-45B7-A21B-94C34811EB19}.Release|x64.ActiveCfg = Release|x64
		{AFD75C85-C846-45B7-A21B-94C34811EB19}.Release|x64.Build.0 = Release|x64
		{AFD75C85-C846-45B7-A21B-94C34811EB19}.Release|x86.ActiveCfg = Release|Win32
		{AFD75C85-C846-45B7-A21B-94C34811EB19}.Release|x86.Build.0 = Release|Win32
		{A2516687-DADE-4462-A2E3-537CDA07B065}.Debug|x64.ActiveCfg = Debug|x64
		{A2516687-DADE-4462-A2E3-537CDA07B065}.Debug|x64.Build.0 = Debug|x64
		{A2516687-DADE-4462-A2E3-537CDA07B065}.Debug|x86.ActiveCfg = Debug|Win32
		{A2516687-DADE-4462-A2E3-537CDA07B065}.Debug|x86.Build.0 = Debug|Win32
		{A2516687-DADE-4462-A2E3-537CDA07B065}.Release|x64.ActiveCfg = Release|x64
		{A2516687-DADE-4462-A2E3-537CDA07B065}.Release|x64.Build.0 = Release|x64
		{A2516687-DADE-4462-A2E3-537CDA07B065}.Release|x86.ActiveCfg = Release|Win32
		{A2516687-DADE-4462-A2E3-537CDA07B065}.Release|x86.Build.0 = Release|Win32
		{97A4A200-60D2-475C-9640-9A4B59F25CE9}.Debug|x64.ActiveCfg = Debug|x64
		{97A4A200-60D2-475C-9640-9A4B59F25CE9}.Debug|x64.Build.0 = Debug|x64
		{97A4A200-60D2-475C-9640-9A4B59F25CE9}.Debug|x86.ActiveCfg = Debug|Win32
		{97A4A200-60D2-475C-9640-9A4B59F25CE9}.Debug|x86.Build.0 = Debug|Win32
		{97A4A200-60D2-475C-9640-9A4B59F25CE9}.Release|x64.ActiveCfg = Release|x64
		{97A4A200-60D2-475C-9640-9A4B59F25CE9}.Release|x64.Build.0 = Release|x64
		{97A4A200-60D2-475C-9640-9A4B59F25CE9}.Release|x86.ActiveCfg = Release|Win32
		{97A4A200-60D2-475C-9640-9A4B59F25CE9}.Release|x86.Build.0 = Release|Win32
		{EAB2E7E3-F34B-4744-B79E-E6FFE22F1393}.Debug|x64.ActiveCfg = Debug|x64
		{EAB2E7E3-F34B-4744-B79E-E6FFE22F1393}.Debug|x64.Build.0 = Debug|x64
		{EAB2E7E3-F34B-4744-B79E-E6FFE22F1393}.Debug|x86.ActiveCfg = Debug|Win32
		{EAB2E7E3-F34B-4744-B79E-E6FFE22F1393}.Debug|x86.Build.0 = Debug|Win32
		{EAB2E7E3-F34B-4744-B79E-E6FFE22F1393}.Release|x64.ActiveCfg = Release|x64
		{EAB2E7E3-F34B-4744-B79E-E6FFE22F1393}.Release|x64.Build.0 = Release|x64
		{EAB2E7E3-F34B-4744-B79E-E6FFE22F1393}.Release|x86.ActiveCfg = Release|Win32
		{EAB2E7E3-F34B-4744-B79E-E6FFE22F1393}.Release|x86.Build.0 = Release|Win32
		{C28FF9D5-A4E2-45EA-B48C-AF992FE6BE8F}.Debug|x64.ActiveCfg = Debug|x64
		{C28FF9D5-A4E2-45EA-B48C-AF992FE6BE8F}.Debug|x64.Build.0 = Debug|x64
		{C28FF9D5-A4E2-45EA-B48C-AF992FE6BE8F}.Debug|x86.ActiveCfg = Debug|Win32
		{C28FF9D5-A4E2-45EA-B48C-AF992FE6BE8F}.Debug|x86.Build.0 = Debug|Win32
		{C28FF9D5-A4E2-45EA-B48C-AF992FE6BE8F}.Release|x64.ActiveCfg = Release|x64
		{C28FF9D5-A4E2-45EA-B48C-AF992FE6BE8F}.Release|x64.Build.0 = Release|x64
		{C28FF9D5-A4E2-45EA-B48C-AF992FE6BE8F}.Release|x86.ActiveCfg = Release|Win32
		{C28FF9D5-A4E2-45EA-B48C-AF992FE6BE8F}.Release|x86.Build.0 = Release|Win32
		{7FDB5084-D409-46DA-B175-AD932E98D406}.Debug|x64.ActiveCfg = Debug|x64
		{7FDB5084-D409-46DA-B175-AD932E98D406}.Debug|x64.Build.0 = Debug|x64
		{7FDB5084-D409-46DA-B175-AD932E98D406}.Debug|x86.ActiveCfg = Debug|Win32
		{7FDB5084-D409-46DA-B175-AD932E98D406}.Debug|x86.Build.0 = Debug|Win32
		{7FDB5084-D409-46DA-B175-AD932E98D406}.Release|x64.ActiveCfg = Release|x64
		{7FDB5084-D409-46DA-B175-AD932E98D406}.Release|x64.Build.0 = Release|x64
		{7FDB5084-D409-46DA-B175-AD932E98D406}.Release|x86.ActiveCfg = Release|Win32
		{7FDB5084-D409-46DA-B175-AD932E98D406}.Release|x86.Build.0 = Release|Win32
		{06F31CC8-E943-42ED-9E38-593A931D4C55}.Debug|x64.ActiveCfg = Debug|x64
		{06F31CC8-E943-42ED-9E38-593A931D4C55}.Debug|x64.Build.0 = Debug|x64
		{06F31CC8-E943-42ED-9E38-593A931D4C55}.Debug|x86.ActiveCfg = Debug|Win32
		{06F31CC8-E943-42ED-9E38-593A931D4C55}.Debug|x86.Build.0 = Debug|Win32
		{06F31CC8-E943-42ED-9E38-593A931D4C55}.Release|x64.ActiveCfg = Release|x64
		{06F31CC8-E943-42ED-9E38-593A931D4C55}.Release|x64.Build.0 = Release|x64
		{06F31CC8-E943-42ED-9E38-593A931D4C55}.Release|x86.ActiveCfg = Release|Win32
		{06F31CC8-E943-42ED-9E38-593A931D4C55}.Release|x86.Build.0 = Release|Win32
		{74B101FE-9F4B-420A-A100-CD829E0E488A}.Debug|x64.ActiveCfg = Debug|x64
		{74B101FE-9F4B-420A-A100-CD829E0E488A}.Debug|x64.Build.0 = Debug|x64
		{74B101FE-9F4B-420A-A100-CD829E0E488A}.Debug|x86.ActiveCfg = Debug|Win32
		{74B101FE-9F4B-420A-A100-CD829E0E488A}.Debug|x86.Build.0 = Debug|Win32
		{74B101FE-9F4B-420A-A100-CD829E0E488A}.Release|x64.ActiveCfg = Release|x64
		{74B101FE-9F4B-420A-A100-CD829E0E488A}.Release|x64.Build.0 = Release|x64
		{74B101FE-9F4B-420A-A100-CD829E0E488A}.Release|x86.ActiveCfg = Release|Win32
		{74B101FE-9F4B-420A-A100-CD829E0E488A}.Release|x86.Build.0 = Release|Win32
		{7691A008-63D4-491C-B81B-735827736301}.Debug|x64.ActiveCfg = Debug|x64
		{7691A008-63D4-491C-B81B-735827736301}.Debug|x64.Build.0 = Debug|x64
		{7691A008-63D4-491C-B81B-735827736301}.Debug|x86.ActiveCfg = Debug|Win32
		{7691A008-63D4-491C-B81B-735827736301}.Debug|x86.Build.0 = Debug|Win32
		{7691A008-63D4-491C-B81B-735827736301}.Release|x64.ActiveCfg = Release|x64
		{7691A008-63D4-491C-B81B-735827736301}.Release|x64.Build.0 = Release|x64
		{7691A008-63D4-491C-B81B-735827736301}.Release|x86.ActiveCfg = Release|Win32
		{7691A008-63D4-491C-B81B-735827736301}.Release|x86.Build.0 = Release|Win32
		{925F119F-0FFD-47EC-ABD3-D193FBD3D357}.Debug|x64.ActiveCfg = Debug|x64
		{925F119F-0FFD-47EC-ABD3-D193FBD3D357}.Debug|x64.Build.0 = Debug|x64
		{925F119F-0FFD-47EC-ABD3-D193FBD3D357}.Debug|x86.ActiveCfg = Debug|Win32
		{925F119F-0FFD-47EC-ABD3-D193FBD3D357}.Debug|x86.Build.0 = Debug|Win32
		{925F119F-0FFD-47EC-ABD3-D193FBD3D357}.Release|x64.ActiveCfg = Release|x64
		{925F119F-0FFD-47EC-ABD3-D193FBD3D357}.Release|x64.Build.0 = Release|x64
		{925F119F-0FFD-47EC-ABD3-D193FBD3D357}.Release|x86.ActiveCfg = Release|Win32
		{925F119F-0FFD-47EC-ABD3-D193FBD3D357}.Release|x86.Build.0 = Release|Win32
		{CD59330D-1411-45FA-B7D6-A208B40D34DC}.Debug|x64.ActiveCfg = Debug|x64
		{CD59330D-1411-45FA-B7D6-A208B40D34DC}.Debug|x64.Build.0 = Debug|x64
		{CD59330D-1411-45FA-B7D6-A208B40D34DC}.Debug|x86.ActiveCfg = Debug|Win32
		{CD59330D-1411-45FA-B7D6-A208B40D34DC}.Debug|x86.Build.0 = Debug|Win32
		{CD59330D-1411-45FA-B7D6-A208B40D34DC}.Release|x64.ActiveCfg = Release|x64
		{CD59330D-1411-45FA-B7D6-A208B40D34DC}.Release|x64.Build.0 = Release|x64
		{CD59330D-1411-45FA-B7D6-A208B40D34DC}.Release|x86.ActiveCfg = Release|Win32
		{CD59330D-1411-45FA-B7D6-A208B40D34DC}.Release|x86.Build.0 = Release|Win32
		{FBC831BF-FA43-44E2-BEBD-58E2460FF53C}.Debug|x64.ActiveCfg = Debug|x64
		{FBC831BF-FA43-44E2-BEBD-58E2460FF53C}.Debug|x64.Build.0 = Debug|x64
		{FBC831BF-FA43-44E2-BEBD-58E2460FF53C}.Debug|x86.ActiveCfg = Debug|Win32
		{FBC831BF-FA43-44E2-BEBD-58E2460FF53C}.Debug|x86.Build.0 = Debug|Win32
		{FBC831BF-FA43-44E2-BEBD-58E2460FF53C}.Release|x64.ActiveCfg = Release|x64
		{FBC831BF-FA43-44E2-BEBD-58E2460FF53C}.Release|x64.Build.0 = Release|x64
		{FBC831BF-FA43-44E2-BEBD-58E2460FF53C}.Release|x86.ActiveCfg = Release|Win32
		{FBC831BF-FA43-44E2-BEBD-58E2460FF53C}.Release|x86.Build.0 = Release|Win32
		{5A4A07E6-5219-4A26-91B1-2651E6B96AEA}.Debug|x64.ActiveCfg = Debug|x64
		{5A4A07E6-5219-4A26-91B1-2651E6B96AEA}.Debug|x64.Build.0 = Debug|x64
		{5A4A07E6-5219-4A26-91B1-2651E6B96AEA}.Debug|x86.ActiveCfg = Debug|Win32
		{5A4A07E6-5219-4A26-91B1-2651E6B96AEA}.Debug|x86.Build.0 = Debug|Win32
		{5A4A07E6-5219-4A26-91B1-2651E6B96AEA}.Release|x64.ActiveCfg = Release|x64
		{5A4A07E6-5219-4A26-91B1-2651E6B96AEA}.Release|x64.Build.0 = Release|x64
		{5A4A07E6-5219-4A26-91B1-2651E6B96AEA}.Release|x86.ActiveCfg = Release|Win32
		{5A4A07E6-5219-4A26-91B1-2651E6B96AEA}.Release|x86.Build.0 = Release|Win32
		{D78EFD5D-F444-4012-A896-BB03855D268F}.Debug|x64.ActiveCfg = Debug|x64
		{D78EFD5D-F444-4012-A896-BB03855D268F}.Debug|x64.Build.0 = Debug|x64
		{D78EFD5D-F444-4012-A896-BB03855D268F}.Debug|x86.ActiveCfg = Debug|Win32
		{D78EFD5D-F444-4012-A896-BB03855D268F}.Debug|x86.Build.0 = Debug|Win32
		{D78EFD5D-F444-4012-A896-BB03855D268F}.Release|x64.ActiveCfg = Release|x64
		{D78EFD5D-F444-4012-A896-BB03855D268F}.Release|x64.Build.0 = Release|x64
		{D78EFD5D-F444-4012-A896-BB03855D268F}.Release|x86.ActiveCfg = Release|Win32
		{D78EFD5D-F444-4012-A896-BB03855D268F}.Release|x86.Build.0 = Release|Win32
		{830E56B8-BDB2-41E5-BFAB-90B509F72D1A}.Debug|x64.ActiveCfg = Debug|x64
		{830E56B8-BDB2-41E5-BFAB-90B509F72D1A}.Debug|x64.Build.0 = Debug|x64
		{830E56B8-BDB2-41E5-BFAB-90B509F72D1A}.Debug|x86.ActiveCfg = Debug|Win32
		{830E56B8-BDB2-41E5-BFAB-90B509F72D1A}.Debug|x86.Build.0 = Debug|Win32
		{830E56B8-BDB2-41E5-BFAB-90B509F72D1A}.Release|x64.ActiveCfg = Release|x64
		{830E56B8-BDB2-41E5-BFAB-90B509F72D1A}.Release|x64.Build.0 = Release|x64
		{830E56B8-BDB2-41E5-BFAB-90B509F72D1A}.Release|x86.ActiveCfg = Release|Win32
		{830E56B8-BDB2-41E5-BFAB-90B509F72D1A}.Release|x86.Build.0 = Release|Win32
		{5CD06ACA-FD9C-47F1-BAAC-8016F8FB4421}.Debug|x64.ActiveCfg = Debug|x64
		{5CD06ACA-FD9C-47F1-BAAC-8016F8FB4421}.Debug|x64.Build.0 = Debug|x64
		{5CD06ACA-FD9C-47F1-BAAC-8016F8FB4421}.Debug|x86.ActiveCfg = Debug|Win32
		{5CD06ACA-FD9C-47F1-BAAC-8016F8FB4421}.Debug|x86.Build.0 = Debug|Win32
		{5CD06ACA-FD9C-47F1-BAAC-8016F8FB4421}.Release|x64.ActiveCfg = Release|x64
		{5CD06ACA-FD9C-47F1-BAAC-8016F8FB4421}.Release|x64.Build.0 = Release|x64
		{5CD06ACA-FD9C-47F1-BAAC-8016F8FB4421}.Release|x86.ActiveCfg = Release|Win32
		{5CD06ACA-FD9C-47F1-BAAC-8016F8FB4421}.Release|x86.Build.0 = Release|Win32
		{45530C5E-64BE-456D-95EB-1601DD398F00}.Debug|x64.ActiveCfg = Debug|x64
		{45530C5E-64BE-456D-95EB-1601DD398F00}.Debug|x64.Build.0 = Debug|x64
		{45530C5E-64BE-456D-95EB-1601DD398F00}.Debug|x86.ActiveCfg = Debug|Win32
		{45530C5E-64BE-456D-95EB-1601DD398F00}.Debug|x86.Build.0 = Debug|Win32
		{45530C5E-64BE-456D-95EB-1601DD398F00}.Release|x64.ActiveCfg = Release|x64
		{45530C5E-64BE-456D-95EB-1601DD398F00}.Release|x64.Build.0 = Release|x64
		{45530C5E-64BE-456D-95EB-1601DD398F00}.Release|x86.ActiveCfg = Release|Win32
		{45530C5E-64BE-456D-95EB-1601DD398F00}.Release|x86.Build.0 = Release|Win32
		{F96DAB4A-92D5-4882-BB03-0F568A89287E}.Debug|x64.ActiveCfg = Debug|x64
		{F96DAB4A-92D5-4882-BB03-0F568A89287E}.Debug|x64.Build.0 = Debug|x64
		{F96DAB4A-92D5-4882-BB03-0F568A89287E}.Debug|x86.ActiveCfg = Debug|Win32
		{F96DAB4A-92D5-4882-BB03-0F568A89287E}.Debug|x86.Build.0 = Debug|Win32
		{F96DAB4A-92D5-4882-BB03-0F568A89287E}.Release|x64.ActiveCfg = Release|x64
		{F96DAB4A-92D5-4882-BB03-0F568A89287E}.Release|x64.Build.0 = Release|x64
		{F96DAB4A-92D5-4882-BB03-0F568A89287E}.Release|x86.ActiveCfg = Release|Win32
		{F96DAB4A-92D5-4882-BB03-0F568A89287E}.Release|x86.Build.0 = Release|Win32
		{382B4C87-6245-4B9C-B58B-DB7125D07D5D}.Debug|x64.ActiveCfg = Debug|x64
		{382B4C87-6245-4B9C-B58B-DB7125D07D5D}.Debug|x64.Build.0 = Debug|x64
		{382B4C87-6245-4B9C-B58B-DB7125D07D5D}.Debug|x86.ActiveCfg = Debug|Win32
		{382B4C87-6245-4B9C-B58B-DB7125D07D5D}.Debug|x86.Build.0 = Debug|Win32
		{382B4C87-6245-4B9C-B58B-DB7125D07D5D}.Release|x64.ActiveCfg = Release|x64
		{382B4C87-6245-4B9C-B58B-DB7125D07D5D}.Release|x64.Build.0 = Release|x64
		{382B4C87-6245-4B9C-B58B-DB7125D07D5D}.Release|x86.ActiveCfg = Release|Win32
		{382B4C87-6245-4B9C-B58B-DB7125D07D5D}.Release|x86.Build.0 = Release|Win32
		{563B963C-6FD6-4F83-A7EB-CA2FF28E39B4}.Debug|x64.ActiveCfg = Debug|x64
		{563B963C-6FD6-4F83-A7EB-CA2FF28E39B4}.Debug|x64.Build.0 = Debug|x64
		{563B963C-6FD6-4F83-A7EB-CA2FF28E39B4}.Debug|x86.ActiveCfg = Debug|Win32
		{563B963C-6FD6-4F83-A7EB-CA2FF28E39B4}.Debug|x86.Build.0 = Debug|Win32
		{563B963C-6FD6-4F83-A7EB-CA2FF28E39B4}.Release|x64.ActiveCfg = Release|x64
		{563B963C-6FD6-4F83-A7EB-CA2FF28E39B4}.Release|x64.Build.0 = Release|x64
		{563B963C-6FD6-4F83-A7EB-CA2FF28E39B4}.Release|x86.ActiveCfg = Release|Win32
		{563B963C-6FD6-4F83-A7EB-CA2FF28E39B4}.Release|x86.Build.0 = Release|Win32
		{7A2BDB7B-087A-41C7-936F-3F359E917C0F}.Debug|x64.ActiveCfg = Debug|x64
		{7A2BDB7B-087A-41C7-936F-3F359E917C0F}.Debug|x64.Build.0 = Debug|x64
		{7A2BDB7B-087A-41C7-936F-3F359E917C0F}.Debug|x86.ActiveCfg = Debug|Win32
		{7A2BDB7B-087A-41C7-936F-3F359E917C0F}.Debug|x86.Build.0 = Debug|Win32
		{7A2BDB7B-087A-41C7-936F-3F359E917C0F}.Release|x64.ActiveCfg = Release|x64
		{7A2BDB7B-087A-41C7-936F-3F359E917C0F}.Release|x64.Build.0 = Release|x64
		{7A2BDB7B-087A-41C7-936F-3F359E917C0F}.Release|x86.ActiveCfg = Release|Win32
		{7A2BDB7B-087A-41C7-936F-3F359E917C0F}.Release|x86.Build.0 = Release|Win32
		{2B45DF76-769F-4E34-9371-F4D9EA20726D}.Debug|x64.ActiveCfg = Debug|x64
		{2B45DF76-769F-4E34-9371-F4D9EA20726D}.Debug|x64.Build.0 = Debug|x64
		{2B45DF76-769F-4E34-9371-F4D9EA20726D}.Debug|x86.ActiveCfg = Debug|Win32
		{2B45DF76-769F-4E34-9371-F4D9EA20726D}.Debug|x86.Build.0 = Debug|Win32
		{2B45DF76-769F-4E34-9371-F4D9EA20726D}.Release|x64.ActiveCfg = Release|x64
		{2B45DF76-769F-4E34-9371-F4D9EA20726D}.Release|x64.Build.0 = Release|x64
		{2B45DF76-769F-4E34-9371-F4D9EA20726D}.Release|x86.ActiveCfg = Release|Win32
		{2B45DF76-769F-4E34-9371-F4D9EA20726D}.Release|x86.Build.0 = Release|Win32
	EndGlobalSection
	GlobalSection(SolutionProperties) = preSolution
		HideSolutionNode = FALSE
	EndGlobalSection
	GlobalSection(ExtensibilityGlobals) = postSolution
		SolutionGuid = {4A707A20-B79F-4C69-912F-4A84FC5B6F9B}
	EndGlobalSection
EndGlobal
